
Microsoft Visual Studio Solution File, Format Version 12.00
# Visual Studio Version 17
VisualStudioVersion = 17.7.34031.279
MinimumVisualStudioVersion = 10.0.40219.1
Project("{FAE04EC0-301F-11D3-BF4B-00C04F79EFBC}") = "CQRSTest", "CQRSTest\CQRSTest.csproj", "{0ACBA38C-15F0-45C9-8B20-2D520C6B9AC5}"
EndProject
Global
	GlobalSection(SolutionConfigurationPlatforms) = preSolution
		Debug|Any CPU = Debug|Any CPU
		Release|Any CPU = Release|Any CPU
	EndGlobalSection
	GlobalSection(ProjectConfigurationPlatforms) = postSolution
		{0ACBA38C-15F0-45C9-8B20-2D520C6B9AC5}.Debug|Any CPU.ActiveCfg = Debug|Any CPU
		{0ACBA38C-15F0-45C9-8B20-2D520C6B9AC5}.Debug|Any CPU.Build.0 = Debug|Any CPU
		{0ACBA38C-15F0-45C9-8B20-2D520C6B9AC5}.Release|Any CPU.ActiveCfg = Release|Any CPU
		{0ACBA38C-15F0-45C9-8B20-2D520C6B9AC5}.Release|Any CPU.Build.0 = Release|Any CPU
	EndGlobalSection
	GlobalSection(SolutionProperties) = preSolution
		HideSolutionNode = FALSE
	EndGlobalSection
	GlobalSection(ExtensibilityGlobals) = postSolution
		SolutionGuid = {FA181698-5C9F-4C4D-8F66-1A08B2CB2508}
	EndGlobalSection
EndGlobal
